
Microsoft Visual Studio Solution File, Format Version 12.00
# Visual Studio Version 17
VisualStudioVersion = 17.6.33829.357
MinimumVisualStudioVersion = 10.0.40219.1
Project("{9A19103F-16F7-4668-BE54-9A1E7A4F7556}") = "HumanApi", "HumanApi\HumanApi.csproj", "{B46E5DAD-F5A7-4F1C-8FA9-802E4A0D5E44}"
EndProject
Project("{9A19103F-16F7-4668-BE54-9A1E7A4F7556}") = "Service", "Service\Service.csproj", "{456104C5-9BE2-4E7A-82BC-0F2FEBED2F86}"
EndProject
Project("{FAE04EC0-301F-11D3-BF4B-00C04F79EFBC}") = "Persistence", "Persistence\Persistence.csproj", "{45AC7D95-35E8-4C35-811B-741E01E8A973}"
EndProject
Project("{FAE04EC0-301F-11D3-BF4B-00C04F79EFBC}") = "Domain", "Domain\Domain.csproj", "{5B3328A0-DB5F-494B-87F5-BF2C93127BD0}"
EndProject
Project("{FAE04EC0-301F-11D3-BF4B-00C04F79EFBC}") = "Infrastructure", "Infrastructure\Infrastructure.csproj", "{D38DA9F5-2CF3-418A-AD69-E6A7F08A503C}"
EndProject
Global
	GlobalSection(SolutionConfigurationPlatforms) = preSolution
		Debug|Any CPU = Debug|Any CPU
		Release|Any CPU = Release|Any CPU
	EndGlobalSection
	GlobalSection(ProjectConfigurationPlatforms) = postSolution
		{B46E5DAD-F5A7-4F1C-8FA9-802E4A0D5E44}.Debug|Any CPU.ActiveCfg = Debug|Any CPU
		{B46E5DAD-F5A7-4F1C-8FA9-802E4A0D5E44}.Debug|Any CPU.Build.0 = Debug|Any CPU
		{B46E5DAD-F5A7-4F1C-8FA9-802E4A0D5E44}.Release|Any CPU.ActiveCfg = Release|Any CPU
		{B46E5DAD-F5A7-4F1C-8FA9-802E4A0D5E44}.Release|Any CPU.Build.0 = Release|Any CPU
		{456104C5-9BE2-4E7A-82BC-0F2FEBED2F86}.Debug|Any CPU.ActiveCfg = Debug|Any CPU
		{456104C5-9BE2-4E7A-82BC-0F2FEBED2F86}.Debug|Any CPU.Build.0 = Debug|Any CPU
		{456104C5-9BE2-4E7A-82BC-0F2FEBED2F86}.Release|Any CPU.ActiveCfg = Release|Any CPU
		{456104C5-9BE2-4E7A-82BC-0F2FEBED2F86}.Release|Any CPU.Build.0 = Release|Any CPU
		{45AC7D95-35E8-4C35-811B-741E01E8A973}.Debug|Any CPU.ActiveCfg = Debug|Any CPU
		{45AC7D95-35E8-4C35-811B-741E01E8A973}.Debug|Any CPU.Build.0 = Debug|Any CPU
		{45AC7D95-35E8-4C35-811B-741E01E8A973}.Release|Any CPU.ActiveCfg = Release|Any CPU
		{45AC7D95-35E8-4C35-811B-741E01E8A973}.Release|Any CPU.Build.0 = Release|Any CPU
		{5B3328A0-DB5F-494B-87F5-BF2C93127BD0}.Debug|Any CPU.ActiveCfg = Debug|Any CPU
		{5B3328A0-DB5F-494B-87F5-BF2C93127BD0}.Debug|Any CPU.Build.0 = Debug|Any CPU
		{5B3328A0-DB5F-494B-87F5-BF2C93127BD0}.Release|Any CPU.ActiveCfg = Release|Any CPU
		{5B3328A0-DB5F-494B-87F5-BF2C93127BD0}.Release|Any CPU.Build.0 = Release|Any CPU
		{D38DA9F5-2CF3-418A-AD69-E6A7F08A503C}.Debug|Any CPU.ActiveCfg = Debug|Any CPU
		{D38DA9F5-2CF3-418A-AD69-E6A7F08A503C}.Debug|Any CPU.Build.0 = Debug|Any CPU
		{D38DA9F5-2CF3-418A-AD69-E6A7F08A503C}.Release|Any CPU.ActiveCfg = Release|Any CPU
		{D38DA9F5-2CF3-418A-AD69-E6A7F08A503C}.Release|Any CPU.Build.0 = Release|Any CPU
	EndGlobalSection
	GlobalSection(SolutionProperties) = preSolution
		HideSolutionNode = FALSE
	EndGlobalSection
	GlobalSection(ExtensibilityGlobals) = postSolution
		SolutionGuid = {268FE53E-F6E1-4348-9E12-45D2BB8D4DB8}
	EndGlobalSection
EndGlobal
